{
  "name": "@yingyeothon/actor-system",
  "version": "0.1.4",
  "lockfileVersion": 1,
  "requires": true,
  "dependencies": {
    "@yingyeothon/event-broker": {
      "version": "0.1.0",
      "resolved": "https://registry.npmjs.org/@yingyeothon/event-broker/-/event-broker-0.1.0.tgz",
      "integrity": "sha512-65Clrb9GGo5cAkwNTmYHfG/oShMuaecjUwyNGLefKCD0ekcdB3ottlVSldPlpFiM05i1QIGrnpFxY/mdzK0V6g=="
    },
    "@yingyeothon/logger": {
      "version": "0.1.0",
      "resolved": "https://registry.npmjs.org/@yingyeothon/logger/-/logger-0.1.0.tgz",
      "integrity": "sha512-LdEkgLyeNQWC/wz9q8iVPwQFFaRALP8WoexgjukjrkTP6sEJTUnbWFkH1t5BKK0T7C56yY1uc/WoWYJ6l27K0Q=="
    }
  }
}
